// !$*UTF8*$!
{
	archiveVersion = 1;
	classes = {
	};
	objectVersion = 56;
	objects = {

/* Begin PBXBuildFile section */
		8E910B8229D1452000A063AB /* User.swift in Sources */ = {isa = PBXBuildFile; fileRef = 8E910B8129D1452000A063AB /* User.swift */; };
		8E910B8429D1453300A063AB /* Post.swift in Sources */ = {isa = PBXBuildFile; fileRef = 8E910B8329D1453300A063AB /* Post.swift */; };
		8E910B8729D14A2100A063AB /* ParseSwift in Frameworks */ = {isa = PBXBuildFile; productRef = 8E910B8629D14A2100A063AB /* ParseSwift */; };
		8E910B8929D14B7D00A063AB /* FeedViewController.swift in Sources */ = {isa = PBXBuildFile; fileRef = 8E910B8829D14B7D00A063AB /* FeedViewController.swift */; };
		8E910B8B29D14F5D00A063AB /* PostViewController.swift in Sources */ = {isa = PBXBuildFile; fileRef = 8E910B8A29D14F5D00A063AB /* PostViewController.swift */; };
		8E910B8D29D14F7C00A063AB /* PostCell.swift in Sources */ = {isa = PBXBuildFile; fileRef = 8E910B8C29D14F7C00A063AB /* PostCell.swift */; };
		8E910B9029D1500E00A063AB /* DateFormatter+Extensions.swift in Sources */ = {isa = PBXBuildFile; fileRef = 8E910B8F29D1500E00A063AB /* DateFormatter+Extensions.swift */; };
		8EC45F7229D12E0100F02D2A /* AppDelegate.swift in Sources */ = {isa = PBXBuildFile; fileRef = 8EC45F7129D12E0100F02D2A /* AppDelegate.swift */; };
		8EC45F7429D12E0100F02D2A /* SceneDelegate.swift in Sources */ = {isa = PBXBuildFile; fileRef = 8EC45F7329D12E0100F02D2A /* SceneDelegate.swift */; };
		8EC45F7629D12E0100F02D2A /* LoginViewController.swift in Sources */ = {isa = PBXBuildFile; fileRef = 8EC45F7529D12E0100F02D2A /* LoginViewController.swift */; };
		8EC45F7929D12E0100F02D2A /* Main.storyboard in Resources */ = {isa = PBXBuildFile; fileRef = 8EC45F7729D12E0100F02D2A /* Main.storyboard */; };
		8EC45F7B29D12E0300F02D2A /* Assets.xcassets in Resources */ = {isa = PBXBuildFile; fileRef = 8EC45F7A29D12E0300F02D2A /* Assets.xcassets */; };
		8EC45F7E29D12E0300F02D2A /* LaunchScreen.storyboard in Resources */ = {isa = PBXBuildFile; fileRef = 8EC45F7C29D12E0300F02D2A /* LaunchScreen.storyboard */; };
		8EC45F8929D12E0300F02D2A /* BeRealTests.swift in Sources */ = {isa = PBXBuildFile; fileRef = 8EC45F8829D12E0300F02D2A /* BeRealTests.swift */; };
		8EC45F9329D12E0300F02D2A /* BeRealUITests.swift in Sources */ = {isa = PBXBuildFile; fileRef = 8EC45F9229D12E0300F02D2A /* BeRealUITests.swift */; };
		8EC45F9529D12E0300F02D2A /* BeRealUITestsLaunchTests.swift in Sources */ = {isa = PBXBuildFile; fileRef = 8EC45F9429D12E0300F02D2A /* BeRealUITestsLaunchTests.swift */; };
		8EC45FA629D13DF400F02D2A /* SignUpViewController.swift in Sources */ = {isa = PBXBuildFile; fileRef = 8EC45FA529D13DF400F02D2A /* SignUpViewController.swift */; };
/* End PBXBuildFile section */

/* Begin PBXContainerItemProxy section */
		8EC45F8529D12E0300F02D2A /* PBXContainerItemProxy */ = {
			isa = PBXContainerItemProxy;
			containerPortal = 8EC45F6629D12E0100F02D2A /* Project object */;
			proxyType = 1;
			remoteGlobalIDString = 8EC45F6D29D12E0100F02D2A;
			remoteInfo = BeReal;
		};
		8EC45F8F29D12E0300F02D2A /* PBXContainerItemProxy */ = {
			isa = PBXContainerItemProxy;
			containerPortal = 8EC45F6629D12E0100F02D2A /* Project object */;
			proxyType = 1;
			remoteGlobalIDString = 8EC45F6D29D12E0100F02D2A;
			remoteInfo = BeReal;
		};
/* End PBXContainerItemProxy section */

/* Begin PBXFileReference section */
		8E910B8129D1452000A063AB /* User.swift */ = {isa = PBXFileReference; lastKnownFileType = sourcecode.swift; path = User.swift; sourceTree = "<group>"; };
		8E910B8329D1453300A063AB /* Post.swift */ = {isa = PBXFileReference; lastKnownFileType = sourcecode.swift; path = Post.swift; sourceTree = "<group>"; };
		8E910B8829D14B7D00A063AB /* FeedViewController.swift */ = {isa = PBXFileReference; lastKnownFileType = sourcecode.swift; path = FeedViewController.swift; sourceTree = "<group>"; };
		8E910B8A29D14F5D00A063AB /* PostViewController.swift */ = {isa = PBXFileReference; lastKnownFileType = sourcecode.swift; path = PostViewController.swift; sourceTree = "<group>"; };
		8E910B8C29D14F7C00A063AB /* PostCell.swift */ = {isa = PBXFileReference; lastKnownFileType = sourcecode.swift; path = PostCell.swift; sourceTree = "<group>"; };
		8E910B8F29D1500E00A063AB /* DateFormatter+Extensions.swift */ = {isa = PBXFileReference; lastKnownFileType = sourcecode.swift; path = "DateFormatter+Extensions.swift"; sourceTree = "<group>"; };
		8EC45F6E29D12E0100F02D2A /* BeReal.app */ = {isa = PBXFileReference; explicitFileType = wrapper.application; includeInIndex = 0; path = BeReal.app; sourceTree = BUILT_PRODUCTS_DIR; };
		8EC45F7129D12E0100F02D2A /* AppDelegate.swift */ = {isa = PBXFileReference; lastKnownFileType = sourcecode.swift; path = AppDelegate.swift; sourceTree = "<group>"; };
		8EC45F7329D12E0100F02D2A /* SceneDelegate.swift */ = {isa = PBXFileReference; lastKnownFileType = sourcecode.swift; path = SceneDelegate.swift; sourceTree = "<group>"; };
		8EC45F7529D12E0100F02D2A /* LoginViewController.swift */ = {isa = PBXFileReference; lastKnownFileType = sourcecode.swift; path = LoginViewController.swift; sourceTree = "<group>"; };
		8EC45F7829D12E0100F02D2A /* Base */ = {isa = PBXFileReference; lastKnownFileType = file.storyboard; name = Base; path = Base.lproj/Main.storyboard; sourceTree = "<group>"; };
		8EC45F7A29D12E0300F02D2A /* Assets.xcassets */ = {isa = PBXFileReference; lastKnownFileType = folder.assetcatalog; path = Assets.xcassets; sourceTree = "<group>"; };
		8EC45F7D29D12E0300F02D2A /* Base */ = {isa = PBXFileReference; lastKnownFileType = file.storyboard; name = Base; path = Base.lproj/LaunchScreen.storyboard; sourceTree = "<group>"; };
		8EC45F7F29D12E0300F02D2A /* Info.plist */ = {isa = PBXFileReference; lastKnownFileType = text.plist.xml; path = Info.plist; sourceTree = "<group>"; };
		8EC45F8429D12E0300F02D2A /* BeRealTests.xctest */ = {isa = PBXFileReference; explicitFileType = wrapper.cfbundle; includeInIndex = 0; path = BeRealTests.xctest; sourceTree = BUILT_PRODUCTS_DIR; };
		8EC45F8829D12E0300F02D2A /* BeRealTests.swift */ = {isa = PBXFileReference; lastKnownFileType = sourcecode.swift; path = BeRealTests.swift; sourceTree = "<group>"; };
		8EC45F8E29D12E0300F02D2A /* BeRealUITests.xctest */ = {isa = PBXFileReference; explicitFileType = wrapper.cfbundle; includeInIndex = 0; path = BeRealUITests.xctest; sourceTree = BUILT_PRODUCTS_DIR; };
		8EC45F9229D12E0300F02D2A /* BeRealUITests.swift */ = {isa = PBXFileReference; lastKnownFileType = sourcecode.swift; path = BeRealUITests.swift; sourceTree = "<group>"; };
		8EC45F9429D12E0300F02D2A /* BeRealUITestsLaunchTests.swift */ = {isa = PBXFileReference; lastKnownFileType = sourcecode.swift; path = BeRealUITestsLaunchTests.swift; sourceTree = "<group>"; };
		8EC45FA529D13DF400F02D2A /* SignUpViewController.swift */ = {isa = PBXFileReference; lastKnownFileType = sourcecode.swift; path = SignUpViewController.swift; sourceTree = "<group>"; };
/* End PBXFileReference section */

/* Begin PBXFrameworksBuildPhase section */
		8EC45F6B29D12E0100F02D2A /* Frameworks */ = {
			isa = PBXFrameworksBuildPhase;
			buildActionMask = 2147483647;
			files = (
				8E910B8729D14A2100A063AB /* ParseSwift in Frameworks */,
			);
			runOnlyForDeploymentPostprocessing = 0;
		};
		8EC45F8129D12E0300F02D2A /* Frameworks */ = {
			isa = PBXFrameworksBuildPhase;
			buildActionMask = 2147483647;
			files = (
			);
			runOnlyForDeploymentPostprocessing = 0;
		};
		8EC45F8B29D12E0300F02D2A /* Frameworks */ = {
			isa = PBXFrameworksBuildPhase;
			buildActionMask = 2147483647;
			files = (
			);
			runOnlyForDeploymentPostprocessing = 0;
		};
/* End PBXFrameworksBuildPhase section */

/* Begin PBXGroup section */
		8E910B8E29D14FD200A063AB /* Extenshions */ = {
			isa = PBXGroup;
			children = (
				8E910B8F29D1500E00A063AB /* DateFormatter+Extensions.swift */,
			);
			path = Extenshions;
			sourceTree = "<group>";
		};
		8EC45F6529D12E0100F02D2A = {
			isa = PBXGroup;
			children = (
				8EC45F7029D12E0100F02D2A /* BeReal */,
				8EC45F8729D12E0300F02D2A /* BeRealTests */,
				8EC45F9129D12E0300F02D2A /* BeRealUITests */,
				8EC45F6F29D12E0100F02D2A /* Products */,
			);
			sourceTree = "<group>";
		};
		8EC45F6F29D12E0100F02D2A /* Products */ = {
			isa = PBXGroup;
			children = (
				8EC45F6E29D12E0100F02D2A /* BeReal.app */,
				8EC45F8429D12E0300F02D2A /* BeRealTests.xctest */,
				8EC45F8E29D12E0300F02D2A /* BeRealUITests.xctest */,
			);
			name = Products;
			sourceTree = "<group>";
		};
		8EC45F7029D12E0100F02D2A /* BeReal */ = {
			isa = PBXGroup;
			children = (
				8E910B8E29D14FD200A063AB /* Extenshions */,
				8EC45FA429D1393700F02D2A /* Feed */,
				8EC45FA329D1392000F02D2A /* Post */,
				8EC45FA229D1390F00F02D2A /* Login */,
				8EC45FA129D138F900F02D2A /* Models */,
				8EC45F7129D12E0100F02D2A /* AppDelegate.swift */,
				8EC45F7329D12E0100F02D2A /* SceneDelegate.swift */,
				8EC45F7729D12E0100F02D2A /* Main.storyboard */,
				8EC45F7A29D12E0300F02D2A /* Assets.xcassets */,
				8EC45F7C29D12E0300F02D2A /* LaunchScreen.storyboard */,
				8EC45F7F29D12E0300F02D2A /* Info.plist */,
			);
			path = BeReal;
			sourceTree = "<group>";
		};
		8EC45F8729D12E0300F02D2A /* BeRealTests */ = {
			isa = PBXGroup;
			children = (
				8EC45F8829D12E0300F02D2A /* BeRealTests.swift */,
			);
			path = BeRealTests;
			sourceTree = "<group>";
		};
		8EC45F9129D12E0300F02D2A /* BeRealUITests */ = {
			isa = PBXGroup;
			children = (
				8EC45F9229D12E0300F02D2A /* BeRealUITests.swift */,
				8EC45F9429D12E0300F02D2A /* BeRealUITestsLaunchTests.swift */,
			);
			path = BeRealUITests;
			sourceTree = "<group>";
		};
		8EC45FA129D138F900F02D2A /* Models */ = {
			isa = PBXGroup;
			children = (
				8E910B8129D1452000A063AB /* User.swift */,
				8E910B8329D1453300A063AB /* Post.swift */,
			);
			path = Models;
			sourceTree = "<group>";
		};
		8EC45FA229D1390F00F02D2A /* Login */ = {
			isa = PBXGroup;
			children = (
				8EC45F7529D12E0100F02D2A /* LoginViewController.swift */,
				8EC45FA529D13DF400F02D2A /* SignUpViewController.swift */,
			);
			path = Login;
			sourceTree = "<group>";
		};
		8EC45FA329D1392000F02D2A /* Post */ = {
			isa = PBXGroup;
			children = (
				8E910B8A29D14F5D00A063AB /* PostViewController.swift */,
			);
			path = Post;
			sourceTree = "<group>";
		};
		8EC45FA429D1393700F02D2A /* Feed */ = {
			isa = PBXGroup;
			children = (
				8E910B8829D14B7D00A063AB /* FeedViewController.swift */,
				8E910B8C29D14F7C00A063AB /* PostCell.swift */,
			);
			path = Feed;
			sourceTree = "<group>";
		};
/* End PBXGroup section */

/* Begin PBXNativeTarget section */
		8EC45F6D29D12E0100F02D2A /* BeReal */ = {
			isa = PBXNativeTarget;
			buildConfigurationList = 8EC45F9829D12E0300F02D2A /* Build configuration list for PBXNativeTarget "BeReal" */;
			buildPhases = (
				8EC45F6A29D12E0100F02D2A /* Sources */,
				8EC45F6B29D12E0100F02D2A /* Frameworks */,
				8EC45F6C29D12E0100F02D2A /* Resources */,
			);
			buildRules = (
			);
			dependencies = (
			);
			name = BeReal;
			packageProductDependencies = (
				8E910B8629D14A2100A063AB /* ParseSwift */,
			);
			productName = BeReal;
			productReference = 8EC45F6E29D12E0100F02D2A /* BeReal.app */;
			productType = "com.apple.product-type.application";
		};
		8EC45F8329D12E0300F02D2A /* BeRealTests */ = {
			isa = PBXNativeTarget;
			buildConfigurationList = 8EC45F9B29D12E0300F02D2A /* Build configuration list for PBXNativeTarget "BeRealTests" */;
			buildPhases = (
				8EC45F8029D12E0300F02D2A /* Sources */,
				8EC45F8129D12E0300F02D2A /* Frameworks */,
				8EC45F8229D12E0300F02D2A /* Resources */,
			);
			buildRules = (
			);
			dependencies = (
				8EC45F8629D12E0300F02D2A /* PBXTargetDependency */,
			);
			name = BeRealTests;
			productName = BeRealTests;
			productReference = 8EC45F8429D12E0300F02D2A /* BeRealTests.xctest */;
			productType = "com.apple.product-type.bundle.unit-test";
		};
		8EC45F8D29D12E0300F02D2A /* BeRealUITests */ = {
			isa = PBXNativeTarget;
			buildConfigurationList = 8EC45F9E29D12E0300F02D2A /* Build configuration list for PBXNativeTarget "BeRealUITests" */;
			buildPhases = (
				8EC45F8A29D12E0300F02D2A /* Sources */,
				8EC45F8B29D12E0300F02D2A /* Frameworks */,
				8EC45F8C29D12E0300F02D2A /* Resources */,
			);
			buildRules = (
			);
			dependencies = (
				8EC45F9029D12E0300F02D2A /* PBXTargetDependency */,
			);
			name = BeRealUITests;
			productName = BeRealUITests;
			productReference = 8EC45F8E29D12E0300F02D2A /* BeRealUITests.xctest */;
			productType = "com.apple.product-type.bundle.ui-testing";
		};
/* End PBXNativeTarget section */

/* Begin PBXProject section */
		8EC45F6629D12E0100F02D2A /* Project object */ = {
			isa = PBXProject;
			attributes = {
				BuildIndependentTargetsInParallel = 1;
				LastSwiftUpdateCheck = 1420;
				LastUpgradeCheck = 1420;
				TargetAttributes = {
					8EC45F6D29D12E0100F02D2A = {
						CreatedOnToolsVersion = 14.2;
					};
					8EC45F8329D12E0300F02D2A = {
						CreatedOnToolsVersion = 14.2;
						TestTargetID = 8EC45F6D29D12E0100F02D2A;
					};
					8EC45F8D29D12E0300F02D2A = {
						CreatedOnToolsVersion = 14.2;
						TestTargetID = 8EC45F6D29D12E0100F02D2A;
					};
				};
			};
			buildConfigurationList = 8EC45F6929D12E0100F02D2A /* Build configuration list for PBXProject "BeReal" */;
			compatibilityVersion = "Xcode 14.0";
			developmentRegion = en;
			hasScannedForEncodings = 0;
			knownRegions = (
				en,
				Base,
			);
			mainGroup = 8EC45F6529D12E0100F02D2A;
			packageReferences = (
				8E910B8529D14A2100A063AB /* XCRemoteSwiftPackageReference "Parse-Swift" */,
			);
			productRefGroup = 8EC45F6F29D12E0100F02D2A /* Products */;
			projectDirPath = "";
			projectRoot = "";
			targets = (
				8EC45F6D29D12E0100F02D2A /* BeReal */,
				8EC45F8329D12E0300F02D2A /* BeRealTests */,
				8EC45F8D29D12E0300F02D2A /* BeRealUITests */,
			);
		};
/* End PBXProject section */

/* Begin PBXResourcesBuildPhase section */
		8EC45F6C29D12E0100F02D2A /* Resources */ = {
			isa = PBXResourcesBuildPhase;
			buildActionMask = 2147483647;
			files = (
				8EC45F7E29D12E0300F02D2A /* LaunchScreen.storyboard in Resources */,
				8EC45F7B29D12E0300F02D2A /* Assets.xcassets in Resources */,
				8EC45F7929D12E0100F02D2A /* Main.storyboard in Resources */,
			);
			runOnlyForDeploymentPostprocessing = 0;
		};
		8EC45F8229D12E0300F02D2A /* Resources */ = {
			isa = PBXResourcesBuildPhase;
			buildActionMask = 2147483647;
			files = (
			);
			runOnlyForDeploymentPostprocessing = 0;
		};
		8EC45F8C29D12E0300F02D2A /* Resources */ = {
			isa = PBXResourcesBuildPhase;
			buildActionMask = 2147483647;
			files = (
			);
			runOnlyForDeploymentPostprocessing = 0;
		};
/* End PBXResourcesBuildPhase section */

/* Begin PBXSourcesBuildPhase section */
		8EC45F6A29D12E0100F02D2A /* Sources */ = {
			isa = PBXSourcesBuildPhase;
			buildActionMask = 2147483647;
			files = (
				8E910B8B29D14F5D00A063AB /* PostViewController.swift in Sources */,
				8EC45F7629D12E0100F02D2A /* LoginViewController.swift in Sources */,
				8EC45F7229D12E0100F02D2A /* AppDelegate.swift in Sources */,
				8EC45FA629D13DF400F02D2A /* SignUpViewController.swift in Sources */,
				8E910B9029D1500E00A063AB /* DateFormatter+Extensions.swift in Sources */,
				8E910B8429D1453300A063AB /* Post.swift in Sources */,
				8E910B8D29D14F7C00A063AB /* PostCell.swift in Sources */,
				8E910B8229D1452000A063AB /* User.swift in Sources */,
				8EC45F7429D12E0100F02D2A /* SceneDelegate.swift in Sources */,
				8E910B8929D14B7D00A063AB /* FeedViewController.swift in Sources */,
			);
			runOnlyForDeploymentPostprocessing = 0;
		};
		8EC45F8029D12E0300F02D2A /* Sources */ = {
			isa = PBXSourcesBuildPhase;
			buildActionMask = 2147483647;
			files = (
				8EC45F8929D12E0300F02D2A /* BeRealTests.swift in Sources */,
			);
			runOnlyForDeploymentPostprocessing = 0;
		};
		8EC45F8A29D12E0300F02D2A /* Sources */ = {
			isa = PBXSourcesBuildPhase;
			buildActionMask = 2147483647;
			files = (
				8EC45F9329D12E0300F02D2A /* BeRealUITests.swift in Sources */,
				8EC45F9529D12E0300F02D2A /* BeRealUITestsLaunchTests.swift in Sources */,
			);
			runOnlyForDeploymentPostprocessing = 0;
		};
/* End PBXSourcesBuildPhase section */

/* Begin PBXTargetDependency section */
		8EC45F8629D12E0300F02D2A /* PBXTargetDependency */ = {
			isa = PBXTargetDependency;
			target = 8EC45F6D29D12E0100F02D2A /* BeReal */;
			targetProxy = 8EC45F8529D12E0300F02D2A /* PBXContainerItemProxy */;
		};
		8EC45F9029D12E0300F02D2A /* PBXTargetDependency */ = {
			isa = PBXTargetDependency;
			target = 8EC45F6D29D12E0100F02D2A /* BeReal */;
			targetProxy = 8EC45F8F29D12E0300F02D2A /* PBXContainerItemProxy */;
		};
/* End PBXTargetDependency section */

/* Begin PBXVariantGroup section */
		8EC45F7729D12E0100F02D2A /* Main.storyboard */ = {
			isa = PBXVariantGroup;
			children = (
				8EC45F7829D12E0100F02D2A /* Base */,
			);
			name = Main.storyboard;
			sourceTree = "<group>";
		};
		8EC45F7C29D12E0300F02D2A /* LaunchScreen.storyboard */ = {
			isa = PBXVariantGroup;
			children = (
				8EC45F7D29D12E0300F02D2A /* Base */,
			);
			name = LaunchScreen.storyboard;
			sourceTree = "<group>";
		};
/* End PBXVariantGroup section */

/* Begin XCBuildConfiguration section */
		8EC45F9629D12E0300F02D2A /* Debug */ = {
			isa = XCBuildConfiguration;
			buildSettings = {
				ALWAYS_SEARCH_USER_PATHS = NO;
				CLANG_ANALYZER_NONNULL = YES;
				CLANG_ANALYZER_NUMBER_OBJECT_CONVERSION = YES_AGGRESSIVE;
				CLANG_CXX_LANGUAGE_STANDARD = "gnu++20";
				CLANG_ENABLE_MODULES = YES;
				CLANG_ENABLE_OBJC_ARC = YES;
				CLANG_ENABLE_OBJC_WEAK = YES;
				CLANG_WARN_BLOCK_CAPTURE_AUTORELEASING = YES;
				CLANG_WARN_BOOL_CONVERSION = YES;
				CLANG_WARN_COMMA = YES;
				CLANG_WARN_CONSTANT_CONVERSION = YES;
				CLANG_WARN_DEPRECATED_OBJC_IMPLEMENTATIONS = YES;
				CLANG_WARN_DIRECT_OBJC_ISA_USAGE = YES_ERROR;
				CLANG_WARN_DOCUMENTATION_COMMENTS = YES;
				CLANG_WARN_EMPTY_BODY = YES;
				CLANG_WARN_ENUM_CONVERSION = YES;
				CLANG_WARN_INFINITE_RECURSION = YES;
				CLANG_WARN_INT_CONVERSION = YES;
				CLANG_WARN_NON_LITERAL_NULL_CONVERSION = YES;
				CLANG_WARN_OBJC_IMPLICIT_RETAIN_SELF = YES;
				CLANG_WARN_OBJC_LITERAL_CONVERSION = YES;
				CLANG_WARN_OBJC_ROOT_CLASS = YES_ERROR;
				CLANG_WARN_QUOTED_INCLUDE_IN_FRAMEWORK_HEADER = YES;
				CLANG_WARN_RANGE_LOOP_ANALYSIS = YES;
				CLANG_WARN_STRICT_PROTOTYPES = YES;
				CLANG_WARN_SUSPICIOUS_MOVE = YES;
				CLANG_WARN_UNGUARDED_AVAILABILITY = YES_AGGRESSIVE;
				CLANG_WARN_UNREACHABLE_CODE = YES;
				CLANG_WARN__DUPLICATE_METHOD_MATCH = YES;
				COPY_PHASE_STRIP = NO;
				DEBUG_INFORMATION_FORMAT = dwarf;
				ENABLE_STRICT_OBJC_MSGSEND = YES;
				ENABLE_TESTABILITY = YES;
				GCC_C_LANGUAGE_STANDARD = gnu11;
				GCC_DYNAMIC_NO_PIC = NO;
				GCC_NO_COMMON_BLOCKS = YES;
				GCC_OPTIMIZATION_LEVEL = 0;
				GCC_PREPROCESSOR_DEFINITIONS = (
					"DEBUG=1",
					"$(inherited)",
				);
				GCC_WARN_64_TO_32_BIT_CONVERSION = YES;
				GCC_WARN_ABOUT_RETURN_TYPE = YES_ERROR;
				GCC_WARN_UNDECLARED_SELECTOR = YES;
				GCC_WARN_UNINITIALIZED_AUTOS = YES_AGGRESSIVE;
				GCC_WARN_UNUSED_FUNCTION = YES;
				GCC_WARN_UNUSED_VARIABLE = YES;
				IPHONEOS_DEPLOYMENT_TARGET = 16.2;
				MTL_ENABLE_DEBUG_INFO = INCLUDE_SOURCE;
				MTL_FAST_MATH = YES;
				ONLY_ACTIVE_ARCH = YES;
				SDKROOT = iphoneos;
				SWIFT_ACTIVE_COMPILATION_CONDITIONS = DEBUG;
				SWIFT_OPTIMIZATION_LEVEL = "-Onone";
			};
			name = Debug;
		};
		8EC45F9729D12E0300F02D2A /* Release */ = {
			isa = XCBuildConfiguration;
			buildSettings = {
				ALWAYS_SEARCH_USER_PATHS = NO;
				CLANG_ANALYZER_NONNULL = YES;
				CLANG_ANALYZER_NUMBER_OBJECT_CONVERSION = YES_AGGRESSIVE;
				CLANG_CXX_LANGUAGE_STANDARD = "gnu++20";
				CLANG_ENABLE_MODULES = YES;
				CLANG_ENABLE_OBJC_ARC = YES;
				CLANG_ENABLE_OBJC_WEAK = YES;
				CLANG_WARN_BLOCK_CAPTURE_AUTORELEASING = YES;
				CLANG_WARN_BOOL_CONVERSION = YES;
				CLANG_WARN_COMMA = YES;
				CLANG_WARN_CONSTANT_CONVERSION = YES;
				CLANG_WARN_DEPRECATED_OBJC_IMPLEMENTATIONS = YES;
				CLANG_WARN_DIRECT_OBJC_ISA_USAGE = YES_ERROR;
				CLANG_WARN_DOCUMENTATION_COMMENTS = YES;
				CLANG_WARN_EMPTY_BODY = YES;
				CLANG_WARN_ENUM_CONVERSION = YES;
				CLANG_WARN_INFINITE_RECURSION = YES;
				CLANG_WARN_INT_CONVERSION = YES;
				CLANG_WARN_NON_LITERAL_NULL_CONVERSION = YES;
				CLANG_WARN_OBJC_IMPLICIT_RETAIN_SELF = YES;
				CLANG_WARN_OBJC_LITERAL_CONVERSION = YES;
				CLANG_WARN_OBJC_ROOT_CLASS = YES_ERROR;
				CLANG_WARN_QUOTED_INCLUDE_IN_FRAMEWORK_HEADER = YES;
				CLANG_WARN_RANGE_LOOP_ANALYSIS = YES;
				CLANG_WARN_STRICT_PROTOTYPES = YES;
				CLANG_WARN_SUSPICIOUS_MOVE = YES;
				CLANG_WARN_UNGUARDED_AVAILABILITY = YES_AGGRESSIVE;
				CLANG_WARN_UNREACHABLE_CODE = YES;
				CLANG_WARN__DUPLICATE_METHOD_MATCH = YES;
				COPY_PHASE_STRIP = NO;
				DEBUG_INFORMATION_FORMAT = "dwarf-with-dsym";
				ENABLE_NS_ASSERTIONS = NO;
				ENABLE_STRICT_OBJC_MSGSEND = YES;
				GCC_C_LANGUAGE_STANDARD = gnu11;
				GCC_NO_COMMON_BLOCKS = YES;
				GCC_WARN_64_TO_32_BIT_CONVERSION = YES;
				GCC_WARN_ABOUT_RETURN_TYPE = YES_ERROR;
				GCC_WARN_UNDECLARED_SELECTOR = YES;
				GCC_WARN_UNINITIALIZED_AUTOS = YES_AGGRESSIVE;
				GCC_WARN_UNUSED_FUNCTION = YES;
				GCC_WARN_UNUSED_VARIABLE = YES;
				IPHONEOS_DEPLOYMENT_TARGET = 16.2;
				MTL_ENABLE_DEBUG_INFO = NO;
				MTL_FAST_MATH = YES;
				SDKROOT = iphoneos;
				SWIFT_COMPILATION_MODE = wholemodule;
				SWIFT_OPTIMIZATION_LEVEL = "-O";
				VALIDATE_PRODUCT = YES;
			};
			name = Release;
		};
		8EC45F9929D12E0300F02D2A /* Debug */ = {
			isa = XCBuildConfiguration;
			buildSettings = {
				ASSETCATALOG_COMPILER_APPICON_NAME = AppIcon;
				ASSETCATALOG_COMPILER_GLOBAL_ACCENT_COLOR_NAME = AccentColor;
				CODE_SIGN_STYLE = Automatic;
				CURRENT_PROJECT_VERSION = 1;
				DEVELOPMENT_TEAM = DF6F6MAT77;
				GENERATE_INFOPLIST_FILE = YES;
				INFOPLIST_FILE = BeReal/Info.plist;
				INFOPLIST_KEY_UIApplicationSupportsIndirectInputEvents = YES;
				INFOPLIST_KEY_UILaunchStoryboardName = LaunchScreen;
				INFOPLIST_KEY_UIMainStoryboardFile = Main;
				INFOPLIST_KEY_UISupportedInterfaceOrientations_iPad = "UIInterfaceOrientationPortrait UIInterfaceOrientationPortraitUpsideDown UIInterfaceOrientationLandscapeLeft UIInterfaceOrientationLandscapeRight";
				INFOPLIST_KEY_UISupportedInterfaceOrientations_iPhone = "UIInterfaceOrientationPortrait UIInterfaceOrientationLandscapeLeft UIInterfaceOrientationLandscapeRight";
				LD_RUNPATH_SEARCH_PATHS = (
					"$(inherited)",
					"@executable_path/Frameworks",
				);
				MARKETING_VERSION = 1.0;
				PRODUCT_BUNDLE_IDENTIFIER = yerlandana.BeReal;
				PRODUCT_NAME = "$(TARGET_NAME)";
				SWIFT_EMIT_LOC_STRINGS = YES;
				SWIFT_VERSION = 5.0;
				TARGETED_DEVICE_FAMILY = "1,2";
			};
			name = Debug;
		};
		8EC45F9A29D12E0300F02D2A /* Release */ = {
			isa = XCBuildConfiguration;
			buildSettings = {
				ASSETCATALOG_COMPILER_APPICON_NAME = AppIcon;
				ASSETCATALOG_COMPILER_GLOBAL_ACCENT_COLOR_NAME = AccentColor;
				CODE_SIGN_STYLE = Automatic;
				CURRENT_PROJECT_VERSION = 1;
				DEVELOPMENT_TEAM = DF6F6MAT77;
				GENERATE_INFOPLIST_FILE = YES;
				INFOPLIST_FILE = BeReal/Info.plist;
				INFOPLIST_KEY_UIApplicationSupportsIndirectInputEvents = YES;
				INFOPLIST_KEY_UILaunchStoryboardName = LaunchScreen;
				INFOPLIST_KEY_UIMainStoryboardFile = Main;
				INFOPLIST_KEY_UISupportedInterfaceOrientations_iPad = "UIInterfaceOrientationPortrait UIInterfaceOrientationPortraitUpsideDown UIInterfaceOrientationLandscapeLeft UIInterfaceOrientationLandscapeRight";
				INFOPLIST_KEY_UISupportedInterfaceOrientations_iPhone = "UIInterfaceOrientationPortrait UIInterfaceOrientationLandscapeLeft UIInterfaceOrientationLandscapeRight";
				LD_RUNPATH_SEARCH_PATHS = (
					"$(inherited)",
					"@executable_path/Frameworks",
				);
				MARKETING_VERSION = 1.0;
				PRODUCT_BUNDLE_IDENTIFIER = yerlandana.BeReal;
				PRODUCT_NAME = "$(TARGET_NAME)";
				SWIFT_EMIT_LOC_STRINGS = YES;
				SWIFT_VERSION = 5.0;
				TARGETED_DEVICE_FAMILY = "1,2";
			};
			name = Release;
		};
		8EC45F9C29D12E0300F02D2A /* Debug */ = {
			isa = XCBuildConfiguration;
			buildSettings = {
				ALWAYS_EMBED_SWIFT_STANDARD_LIBRARIES = YES;
				BUNDLE_LOADER = "$(TEST_HOST)";
				CODE_SIGN_STYLE = Automatic;
				CURRENT_PROJECT_VERSION = 1;
				DEVELOPMENT_TEAM = DF6F6MAT77;
				GENERATE_INFOPLIST_FILE = YES;
				IPHONEOS_DEPLOYMENT_TARGET = 16.2;
				MARKETING_VERSION = 1.0;
				PRODUCT_BUNDLE_IDENTIFIER = yerlandana.BeRealTests;
				PRODUCT_NAME = "$(TARGET_NAME)";
				SWIFT_EMIT_LOC_STRINGS = NO;
				SWIFT_VERSION = 5.0;
				TARGETED_DEVICE_FAMILY = "1,2";
				TEST_HOST = "$(BUILT_PRODUCTS_DIR)/BeReal.app/$(BUNDLE_EXECUTABLE_FOLDER_PATH)/BeReal";
			};
			name = Debug;
		};
		8EC45F9D29D12E0300F02D2A /* Release */ = {
			isa = XCBuildConfiguration;
			buildSettings = {
				ALWAYS_EMBED_SWIFT_STANDARD_LIBRARIES = YES;
				BUNDLE_LOADER = "$(TEST_HOST)";
				CODE_SIGN_STYLE = Automatic;
				CURRENT_PROJECT_VERSION = 1;
				DEVELOPMENT_TEAM = DF6F6MAT77;
				GENERATE_INFOPLIST_FILE = YES;
				IPHONEOS_DEPLOYMENT_TARGET = 16.2;
				MARKETING_VERSION = 1.0;
				PRODUCT_BUNDLE_IDENTIFIER = yerlandana.BeRealTests;
				PRODUCT_NAME = "$(TARGET_NAME)";
				SWIFT_EMIT_LOC_STRINGS = NO;
				SWIFT_VERSION = 5.0;
				TARGETED_DEVICE_FAMILY = "1,2";
				TEST_HOST = "$(BUILT_PRODUCTS_DIR)/BeReal.app/$(BUNDLE_EXECUTABLE_FOLDER_PATH)/BeReal";
			};
			name = Release;
		};
		8EC45F9F29D12E0300F02D2A /* Debug */ = {
			isa = XCBuildConfiguration;
			buildSettings = {
				ALWAYS_EMBED_SWIFT_STANDARD_LIBRARIES = YES;
				CODE_SIGN_STYLE = Automatic;
				CURRENT_PROJECT_VERSION = 1;
				DEVELOPMENT_TEAM = DF6F6MAT77;
				GENERATE_INFOPLIST_FILE = YES;
				MARKETING_VERSION = 1.0;
				PRODUCT_BUNDLE_IDENTIFIER = yerlandana.BeRealUITests;
				PRODUCT_NAME = "$(TARGET_NAME)";
				SWIFT_EMIT_LOC_STRINGS = NO;
				SWIFT_VERSION = 5.0;
				TARGETED_DEVICE_FAMILY = "1,2";
				TEST_TARGET_NAME = BeReal;
			};
			name = Debug;
		};
		8EC45FA029D12E0300F02D2A /* Release */ = {
			isa = XCBuildConfiguration;
			buildSettings = {
				ALWAYS_EMBED_SWIFT_STANDARD_LIBRARIES = YES;
				CODE_SIGN_STYLE = Automatic;
				CURRENT_PROJECT_VERSION = 1;
				DEVELOPMENT_TEAM = DF6F6MAT77;
				GENERATE_INFOPLIST_FILE = YES;
				MARKETING_VERSION = 1.0;
				PRODUCT_BUNDLE_IDENTIFIER = yerlandana.BeRealUITests;
				PRODUCT_NAME = "$(TARGET_NAME)";
				SWIFT_EMIT_LOC_STRINGS = NO;
				SWIFT_VERSION = 5.0;
				TARGETED_DEVICE_FAMILY = "1,2";
				TEST_TARGET_NAME = BeReal;
			};
			name = Release;
		};
/* End XCBuildConfiguration section */

/* Begin XCConfigurationList section */
		8EC45F6929D12E0100F02D2A /* Build configuration list for PBXProject "BeReal" */ = {
			isa = XCConfigurationList;
			buildConfigurations = (
				8EC45F9629D12E0300F02D2A /* Debug */,
				8EC45F9729D12E0300F02D2A /* Release */,
			);
			defaultConfigurationIsVisible = 0;
			defaultConfigurationName = Release;
		};
		8EC45F9829D12E0300F02D2A /* Build configuration list for PBXNativeTarget "BeReal" */ = {
			isa = XCConfigurationList;
			buildConfigurations = (
				8EC45F9929D12E0300F02D2A /* Debug */,
				8EC45F9A29D12E0300F02D2A /* Release */,
			);
			defaultConfigurationIsVisible = 0;
			defaultConfigurationName = Release;
		};
		8EC45F9B29D12E0300F02D2A /* Build configuration list for PBXNativeTarget "BeRealTests" */ = {
			isa = XCConfigurationList;
			buildConfigurations = (
				8EC45F9C29D12E0300F02D2A /* Debug */,
				8EC45F9D29D12E0300F02D2A /* Release */,
			);
			defaultConfigurationIsVisible = 0;
			defaultConfigurationName = Release;
		};
		8EC45F9E29D12E0300F02D2A /* Build configuration list for PBXNativeTarget "BeRealUITests" */ = {
			isa = XCConfigurationList;
			buildConfigurations = (
				8EC45F9F29D12E0300F02D2A /* Debug */,
				8EC45FA029D12E0300F02D2A /* Release */,
			);
			defaultConfigurationIsVisible = 0;
			defaultConfigurationName = Release;
		};
/* End XCConfigurationList section */

/* Begin XCRemoteSwiftPackageReference section */
		8E910B8529D14A2100A063AB /* XCRemoteSwiftPackageReference "Parse-Swift" */ = {
			isa = XCRemoteSwiftPackageReference;
			repositoryURL = "https://github.com/parse-community/Parse-Swift";
			requirement = {
				branch = main;
				kind = branch;
			};
		};
/* End XCRemoteSwiftPackageReference section */

/* Begin XCSwiftPackageProductDependency section */
		8E910B8629D14A2100A063AB /* ParseSwift */ = {
			isa = XCSwiftPackageProductDependency;
			package = 8E910B8529D14A2100A063AB /* XCRemoteSwiftPackageReference "Parse-Swift" */;
			productName = ParseSwift;
		};
/* End XCSwiftPackageProductDependency section */
	};
	rootObject = 8EC45F6629D12E0100F02D2A /* Project object */;
}
